
Microsoft Visual Studio Solution File, Format Version 12.00
# Visual Studio Version 16
VisualStudioVersion = 16.0.30320.27
MinimumVisualStudioVersion = 10.0.40219.1
Project("{FAE04EC0-301F-11D3-BF4B-00C04F79EFBC}") = "foreach", "foreach\foreach.csproj", "{6692C868-2A7F-4473-A39A-7CDF9973214F}"
EndProject
Global
	GlobalSection(SolutionConfigurationPlatforms) = preSolution
		Debug|Any CPU = Debug|Any CPU
		Release|Any CPU = Release|Any CPU
	EndGlobalSection
	GlobalSection(ProjectConfigurationPlatforms) = postSolution
		{6692C868-2A7F-4473-A39A-7CDF9973214F}.Debug|Any CPU.ActiveCfg = Debug|Any CPU
		{6692C868-2A7F-4473-A39A-7CDF9973214F}.Debug|Any CPU.Build.0 = Debug|Any CPU
		{6692C868-2A7F-4473-A39A-7CDF9973214F}.Release|Any CPU.ActiveCfg = Release|Any CPU
		{6692C868-2A7F-4473-A39A-7CDF9973214F}.Release|Any CPU.Build.0 = Release|Any CPU
	EndGlobalSection
	GlobalSection(SolutionProperties) = preSolution
		HideSolutionNode = FALSE
	EndGlobalSection
	GlobalSection(ExtensibilityGlobals) = postSolution
		SolutionGuid = {9C54CAA4-DDF8-44F7-A8DA-409C755C923F}
	EndGlobalSection
EndGlobal
